
Microsoft Visual Studio Solution File, Format Version 12.00
# Visual Studio 15
VisualStudioVersion = 15.0.28307.539
MinimumVisualStudioVersion = 10.0.40219.1
Project("{9A19103F-16F7-4668-BE54-9A1E7A4F7556}") = "DynamicArray", "DynamicArray\DynamicArray.csproj", "{A64274B0-AC5C-42F5-8B0E-E2836170DCDD}"
EndProject
Project("{FAE04EC0-301F-11D3-BF4B-00C04F79EFBC}") = "LeftRotation", "LeftRotation\LeftRotation.csproj", "{F115B118-F096-4B26-90AE-860360BBD841}"
EndProject
Global
	GlobalSection(SolutionConfigurationPlatforms) = preSolution
		Debug|Any CPU = Debug|Any CPU
		Release|Any CPU = Release|Any CPU
	EndGlobalSection
	GlobalSection(ProjectConfigurationPlatforms) = postSolution
		{A64274B0-AC5C-42F5-8B0E-E2836170DCDD}.Debug|Any CPU.ActiveCfg = Debug|Any CPU
		{A64274B0-AC5C-42F5-8B0E-E2836170DCDD}.Debug|Any CPU.Build.0 = Debug|Any CPU
		{A64274B0-AC5C-42F5-8B0E-E2836170DCDD}.Release|Any CPU.ActiveCfg = Release|Any CPU
		{A64274B0-AC5C-42F5-8B0E-E2836170DCDD}.Release|Any CPU.Build.0 = Release|Any CPU
		{F115B118-F096-4B26-90AE-860360BBD841}.Debug|Any CPU.ActiveCfg = Debug|Any CPU
		{F115B118-F096-4B26-90AE-860360BBD841}.Debug|Any CPU.Build.0 = Debug|Any CPU
		{F115B118-F096-4B26-90AE-860360BBD841}.Release|Any CPU.ActiveCfg = Release|Any CPU
		{F115B118-F096-4B26-90AE-860360BBD841}.Release|Any CPU.Build.0 = Release|Any CPU
	EndGlobalSection
	GlobalSection(SolutionProperties) = preSolution
		HideSolutionNode = FALSE
	EndGlobalSection
	GlobalSection(ExtensibilityGlobals) = postSolution
		SolutionGuid = {930F55C4-7162-4BB0-86ED-11CA8F03CEBC}
	EndGlobalSection
EndGlobal
